{
  "name": "feather-essentials",
  "version": "1.0.0",
  "lockfileVersion": 3,
  "requires": true,
  "packages": {
    "": {
      "name": "feather-essentials",
      "version": "1.0.0",
      "license": "ISC",
      "dependencies": {
        "@minecraft/server": "^2.0.0-beta.1.21.80-stable",
        "@minecraft/server-admin": "^1.0.0-beta.11940b24",
        "@minecraft/server-ui": "^2.0.0-beta.1.21.80-stable"
      }
    },
    "node_modules/@minecraft/common": {
      "version": "1.2.0",
      "resolved": "https://registry.npmjs.org/@minecraft/common/-/common-1.2.0.tgz",
      "integrity": "sha512-JdmEq4P3Z/FtoBzhLijFgMSVFnFRrUoLwY8DHHrgtFo0mfLTOLTB1RErYjLMsA6b7BGVNxkX/pfFRiH7QZ0XwQ==",
      "license": "MIT"
    },
    "node_modules/@minecraft/server": {
      "version": "2.0.0-rc.1.21.90-preview.23",
      "resolved": "https://registry.npmjs.org/@minecraft/server/-/server-2.0.0-rc.1.21.90-preview.23.tgz",
      "integrity": "sha512-ndS0uWiGtgrlqUma71/8lZNW7ccTC2EaIhE+wVG0kTsV1pRm1f1YXkFj8DMpZ1WA921BUI+WlUMDLiGYxypZTw==",
      "license": "MIT",
      "dependencies": {
        "@minecraft/common": "^1.1.0"
      },
      "peerDependencies": {
        "@minecraft/vanilla-data": ">=1.20.70"
      }
    },
    "node_modules/@minecraft/server-admin": {
      "version": "1.0.0-beta.11940b24",
      "resolved": "https://registry.npmjs.org/@minecraft/server-admin/-/server-admin-1.0.0-beta.11940b24.tgz",
      "integrity": "sha512-UZ8YyB8mvF31f22+uM67gJums9d6NDgz9AQ2l4a++EHUP9uen0m3aaBaqM9RyumJpRBJbv/hslAKOyeDT01qew==",
      "license": "MIT"
    },
    "node_modules/@minecraft/server-ui": {
      "version": "2.0.0-rc.1.21.90-preview.23",
      "resolved": "https://registry.npmjs.org/@minecraft/server-ui/-/server-ui-2.0.0-rc.1.21.90-preview.23.tgz",
      "integrity": "sha512-NDEd9ZVtgsawy0aLW2iHz4f/ruiya9lGdYFwo4lzrv2yl8/MtIlsjY4xJnI4guDLZ3eAjKeHe8pkPToVi3GSbQ==",
      "license": "MIT",
      "dependencies": {
        "@minecraft/common": "^1.0.0",
        "@minecraft/server": "^2.0.0-rc.1.21.90-preview.23"
      }
    },
    "node_modules/@minecraft/vanilla-data": {
      "version": "1.21.80",
      "resolved": "https://registry.npmjs.org/@minecraft/vanilla-data/-/vanilla-data-1.21.80.tgz",
      "integrity": "sha512-wm6GkTrVbl/8oFFyXL7iDaYj1a+sH6fpYthonxCmoWK/48mf1x1ZvrTZB1rdJFnMo7euNDMnib6uXut6qFmzpw==",
      "license": "MIT",
      "peer": true
    }
  }
}
